
Microsoft Visual Studio Solution File, Format Version 12.00
# Visual Studio Version 16
VisualStudioVersion = 16.0.30225.117
MinimumVisualStudioVersion = 10.0.40219.1
Project("{9A19103F-16F7-4668-BE54-9A1E7A4F7556}") = "TaxCalculator.Test", "TaxCalculator.Test\TaxCalculator.Test.csproj", "{6F3E9867-12D2-4598-B8E3-F74FBE01E4BE}"
EndProject
Project("{9A19103F-16F7-4668-BE54-9A1E7A4F7556}") = "TaxCalculator.API", "TaxCalculator.Api\TaxCalculator.API.csproj", "{4AC53603-0C4C-49A1-9F3E-48FDF8192DC1}"
EndProject
Project("{FAE04EC0-301F-11D3-BF4B-00C04F79EFBC}") = "TaxCalculator.UI", "TaxCalculator.UI\TaxCalculator.UI.csproj", "{C9A187A6-BD53-41C3-AF18-E8F7DBE60C18}"
EndProject
Project("{00D1A9C2-B5F0-4AF3-8072-F6C62B433612}") = "TaxCalculatorDatabase", "..\..\Users\Tendai\source\repos\TaxCalculatorDatabase\TaxCalculatorDatabase.sqlproj", "{D8349B7F-1974-4EB7-9D29-D2C0C7DE2731}"
EndProject
Global
	GlobalSection(SolutionConfigurationPlatforms) = preSolution
		Debug|Any CPU = Debug|Any CPU
		Release|Any CPU = Release|Any CPU
	EndGlobalSection
	GlobalSection(ProjectConfigurationPlatforms) = postSolution
		{6F3E9867-12D2-4598-B8E3-F74FBE01E4BE}.Debug|Any CPU.ActiveCfg = Debug|Any CPU
		{6F3E9867-12D2-4598-B8E3-F74FBE01E4BE}.Debug|Any CPU.Build.0 = Debug|Any CPU
		{6F3E9867-12D2-4598-B8E3-F74FBE01E4BE}.Release|Any CPU.ActiveCfg = Release|Any CPU
		{6F3E9867-12D2-4598-B8E3-F74FBE01E4BE}.Release|Any CPU.Build.0 = Release|Any CPU
		{4AC53603-0C4C-49A1-9F3E-48FDF8192DC1}.Debug|Any CPU.ActiveCfg = Debug|Any CPU
		{4AC53603-0C4C-49A1-9F3E-48FDF8192DC1}.Debug|Any CPU.Build.0 = Debug|Any CPU
		{4AC53603-0C4C-49A1-9F3E-48FDF8192DC1}.Release|Any CPU.ActiveCfg = Release|Any CPU
		{4AC53603-0C4C-49A1-9F3E-48FDF8192DC1}.Release|Any CPU.Build.0 = Release|Any CPU
		{C9A187A6-BD53-41C3-AF18-E8F7DBE60C18}.Debug|Any CPU.ActiveCfg = Debug|Any CPU
		{C9A187A6-BD53-41C3-AF18-E8F7DBE60C18}.Debug|Any CPU.Build.0 = Debug|Any CPU
		{C9A187A6-BD53-41C3-AF18-E8F7DBE60C18}.Release|Any CPU.ActiveCfg = Release|Any CPU
		{C9A187A6-BD53-41C3-AF18-E8F7DBE60C18}.Release|Any CPU.Build.0 = Release|Any CPU
		{D8349B7F-1974-4EB7-9D29-D2C0C7DE2731}.Debug|Any CPU.ActiveCfg = Debug|Any CPU
		{D8349B7F-1974-4EB7-9D29-D2C0C7DE2731}.Debug|Any CPU.Build.0 = Debug|Any CPU
		{D8349B7F-1974-4EB7-9D29-D2C0C7DE2731}.Debug|Any CPU.Deploy.0 = Debug|Any CPU
		{D8349B7F-1974-4EB7-9D29-D2C0C7DE2731}.Release|Any CPU.ActiveCfg = Release|Any CPU
		{D8349B7F-1974-4EB7-9D29-D2C0C7DE2731}.Release|Any CPU.Build.0 = Release|Any CPU
		{D8349B7F-1974-4EB7-9D29-D2C0C7DE2731}.Release|Any CPU.Deploy.0 = Release|Any CPU
	EndGlobalSection
	GlobalSection(SolutionProperties) = preSolution
		HideSolutionNode = FALSE
	EndGlobalSection
	GlobalSection(ExtensibilityGlobals) = postSolution
		SolutionGuid = {C53C6083-043C-420D-85D3-AF7FAB8452BB}
	EndGlobalSection
EndGlobal
